// !$*UTF8*$!
{
	archiveVersion = 1;
	classes = {
	};
	objectVersion = 46;
	objects = {

/* Begin PBXBuildFile section */
		050B83E11EB917D90090EA12 /* libc++.tbd in Frameworks */ = {isa = PBXBuildFile; fileRef = 050B83E01EB917D90090EA12 /* libc++.tbd */; };
		051F9C7D1C19C3EE005D471A /* XS-TypeTraits.cpp in Sources */ = {isa = PBXBuildFile; fileRef = 051F9C771C19C3EE005D471A /* XS-TypeTraits.cpp */; };
		053BEDC41B8EFDF3007D82A4 /* GoogleMock.framework in Frameworks */ = {isa = PBXBuildFile; fileRef = 053BEDBD1B8EFDE6007D82A4 /* GoogleMock.framework */; };
		053BEDEC1B90ABB2007D82A4 /* travis-after.sh in Resources */ = {isa = PBXBuildFile; fileRef = 053BEDE71B90ABB2007D82A4 /* travis-after.sh */; };
/* End PBXBuildFile section */

/* Begin PBXContainerItemProxy section */
		053BEDBC1B8EFDE6007D82A4 /* PBXContainerItemProxy */ = {
			isa = PBXContainerItemProxy;
			containerPortal = 053BEDB51B8EFDE6007D82A4 /* GoogleMock.xcodeproj */;
			proxyType = 2;
			remoteGlobalIDString = 05818F861A685AEA0072A469;
			remoteInfo = GoogleMock;
		};
		053BEDBE1B8EFDE6007D82A4 /* PBXContainerItemProxy */ = {
			isa = PBXContainerItemProxy;
			containerPortal = 053BEDB51B8EFDE6007D82A4 /* GoogleMock.xcodeproj */;
			proxyType = 2;
			remoteGlobalIDString = 05E96ABD1A68600C00204102;
			remoteInfo = gmock;
		};
		053BEDC01B8EFDE6007D82A4 /* PBXContainerItemProxy */ = {
			isa = PBXContainerItemProxy;
			containerPortal = 053BEDB51B8EFDE6007D82A4 /* GoogleMock.xcodeproj */;
			proxyType = 2;
			remoteGlobalIDString = 05E96B1F1A68634900204102;
			remoteInfo = gtest;
		};
		053BEDC21B8EFDE6007D82A4 /* PBXContainerItemProxy */ = {
			isa = PBXContainerItemProxy;
			containerPortal = 053BEDB51B8EFDE6007D82A4 /* GoogleMock.xcodeproj */;
			proxyType = 2;
			remoteGlobalIDString = 05818F901A685AEA0072A469;
			remoteInfo = GoogleMockTests;
		};
		053BEDC51B8EFDF9007D82A4 /* PBXContainerItemProxy */ = {
			isa = PBXContainerItemProxy;
			containerPortal = 053BEDB51B8EFDE6007D82A4 /* GoogleMock.xcodeproj */;
			proxyType = 1;
			remoteGlobalIDString = 05818F851A685AEA0072A469;
			remoteInfo = GoogleMock;
		};
/* End PBXContainerItemProxy section */

/* Begin PBXFileReference section */
		050B83E01EB917D90090EA12 /* libc++.tbd */ = {isa = PBXFileReference; lastKnownFileType = "sourcecode.text-based-dylib-definition"; name = "libc++.tbd"; path = "usr/lib/libc++.tbd"; sourceTree = SDKROOT; };
		05110D041C1F121C00EE6851 /* LICENSE */ = {isa = PBXFileReference; fileEncoding = 4; lastKnownFileType = text; path = LICENSE; sourceTree = "<group>"; };
		05110D051C1F121C00EE6851 /* README.md */ = {isa = PBXFileReference; fileEncoding = 4; lastKnownFileType = net.daringfireball.markdown; path = README.md; sourceTree = "<group>"; };
		051F9C771C19C3EE005D471A /* XS-TypeTraits.cpp */ = {isa = PBXFileReference; fileEncoding = 4; lastKnownFileType = sourcecode.cpp.cpp; path = "XS-TypeTraits.cpp"; sourceTree = "<group>"; };
		053BEDAC1B8EFDC1007D82A4 /* CPPTraits-Tests.xctest */ = {isa = PBXFileReference; explicitFileType = wrapper.cfbundle; includeInIndex = 0; path = "CPPTraits-Tests.xctest"; sourceTree = BUILT_PRODUCTS_DIR; };
		053BEDB51B8EFDE6007D82A4 /* GoogleMock.xcodeproj */ = {isa = PBXFileReference; lastKnownFileType = "wrapper.pb-project"; name = GoogleMock.xcodeproj; path = "Submodules/gmock-xcode/GoogleMock.xcodeproj"; sourceTree = "<group>"; };
		053BEDC71B8EFE1E007D82A4 /* Info.plist */ = {isa = PBXFileReference; fileEncoding = 4; lastKnownFileType = text.plist.xml; path = Info.plist; sourceTree = "<group>"; };
		053BEDE71B90ABB2007D82A4 /* travis-after.sh */ = {isa = PBXFileReference; fileEncoding = 4; lastKnownFileType = text.script.sh; path = "travis-after.sh"; sourceTree = "<group>"; };
		056D31EF1C20304F000E1219 /* TypeTraits.hpp */ = {isa = PBXFileReference; lastKnownFileType = sourcecode.cpp.h; path = TypeTraits.hpp; sourceTree = "<group>"; };
		05DBA1A5201E45A600638A44 /* Release - ccache.xcconfig */ = {isa = PBXFileReference; lastKnownFileType = text.xcconfig; path = "Release - ccache.xcconfig"; sourceTree = "<group>"; };
		05DBA1A6201E45A600638A44 /* Common.xcconfig */ = {isa = PBXFileReference; lastKnownFileType = text.xcconfig; path = Common.xcconfig; sourceTree = "<group>"; };
		05DBA1A7201E45A600638A44 /* Debug - ccache.xcconfig */ = {isa = PBXFileReference; lastKnownFileType = text.xcconfig; path = "Debug - ccache.xcconfig"; sourceTree = "<group>"; };
		05DBA1A8201E45A600638A44 /* Debug.xcconfig */ = {isa = PBXFileReference; lastKnownFileType = text.xcconfig; path = Debug.xcconfig; sourceTree = "<group>"; };
		05DBA1A9201E45A600638A44 /* Release.xcconfig */ = {isa = PBXFileReference; lastKnownFileType = text.xcconfig; path = Release.xcconfig; sourceTree = "<group>"; };
		05DBA1AA201E45A600638A44 /* README.md */ = {isa = PBXFileReference; lastKnownFileType = net.daringfireball.markdown; path = README.md; sourceTree = "<group>"; };
		05DBA1AC201E45A600638A44 /* Signing.xcconfig */ = {isa = PBXFileReference; lastKnownFileType = text.xcconfig; path = Signing.xcconfig; sourceTree = "<group>"; };
		05DBA1AD201E45A600638A44 /* Architectures.xcconfig */ = {isa = PBXFileReference; lastKnownFileType = text.xcconfig; path = Architectures.xcconfig; sourceTree = "<group>"; };
		05DBA1AF201E45A600638A44 /* Issues.xcconfig */ = {isa = PBXFileReference; lastKnownFileType = text.xcconfig; path = Issues.xcconfig; sourceTree = "<group>"; };
		05DBA1B1201E45A600638A44 /* Apple-APIs.xcconfig */ = {isa = PBXFileReference; lastKnownFileType = text.xcconfig; path = "Apple-APIs.xcconfig"; sourceTree = "<group>"; };
		05DBA1B2201E45A600638A44 /* Generic-Issues.xcconfig */ = {isa = PBXFileReference; lastKnownFileType = text.xcconfig; path = "Generic-Issues.xcconfig"; sourceTree = "<group>"; };
		05DBA1B3201E45A600638A44 /* Security.xcconfig */ = {isa = PBXFileReference; lastKnownFileType = text.xcconfig; path = Security.xcconfig; sourceTree = "<group>"; };
		05DBA1B4201E45A600638A44 /* Objective-C.xcconfig */ = {isa = PBXFileReference; lastKnownFileType = text.xcconfig; path = "Objective-C.xcconfig"; sourceTree = "<group>"; };
		05DBA1B5201E45A600638A44 /* Analysis-Policy.xcconfig */ = {isa = PBXFileReference; lastKnownFileType = text.xcconfig; path = "Analysis-Policy.xcconfig"; sourceTree = "<group>"; };
		05DBA1B6201E45A600638A44 /* Deployment.xcconfig */ = {isa = PBXFileReference; lastKnownFileType = text.xcconfig; path = Deployment.xcconfig; sourceTree = "<group>"; };
		05DBA1B7201E45A600638A44 /* Build-Options.xcconfig */ = {isa = PBXFileReference; lastKnownFileType = text.xcconfig; path = "Build-Options.xcconfig"; sourceTree = "<group>"; };
		05DBA1B8201E45A600638A44 /* Swift-Compiler.xcconfig */ = {isa = PBXFileReference; lastKnownFileType = text.xcconfig; path = "Swift-Compiler.xcconfig"; sourceTree = "<group>"; };
		05DBA1B9201E45A600638A44 /* Static-Analyzer.xcconfig */ = {isa = PBXFileReference; lastKnownFileType = text.xcconfig; path = "Static-Analyzer.xcconfig"; sourceTree = "<group>"; };
		05DBA1BB201E45A600638A44 /* Warnings-Policies.xcconfig */ = {isa = PBXFileReference; lastKnownFileType = text.xcconfig; path = "Warnings-Policies.xcconfig"; sourceTree = "<group>"; };
		05DBA1BC201E45A600638A44 /* Code-Generation.xcconfig */ = {isa = PBXFileReference; lastKnownFileType = text.xcconfig; path = "Code-Generation.xcconfig"; sourceTree = "<group>"; };
		05DBA1BD201E45A600638A44 /* Language.xcconfig */ = {isa = PBXFileReference; lastKnownFileType = text.xcconfig; path = Language.xcconfig; sourceTree = "<group>"; };
		05DBA1BE201E45A600638A44 /* General.xcconfig */ = {isa = PBXFileReference; lastKnownFileType = text.xcconfig; path = General.xcconfig; sourceTree = "<group>"; };
		05DBA1BF201E45A600638A44 /* Search-Paths.xcconfig */ = {isa = PBXFileReference; lastKnownFileType = text.xcconfig; path = "Search-Paths.xcconfig"; sourceTree = "<group>"; };
		05DBA1C0201E45A600638A44 /* Apple-LLVM.xcconfig */ = {isa = PBXFileReference; lastKnownFileType = text.xcconfig; path = "Apple-LLVM.xcconfig"; sourceTree = "<group>"; };
		05DBA1C3201E45A600638A44 /* Modules.xcconfig */ = {isa = PBXFileReference; lastKnownFileType = text.xcconfig; path = Modules.xcconfig; sourceTree = "<group>"; };
		05DBA1C4201E45A600638A44 /* Objective-C.xcconfig */ = {isa = PBXFileReference; lastKnownFileType = text.xcconfig; path = "Objective-C.xcconfig"; sourceTree = "<group>"; };
		05DBA1C5201E45A600638A44 /* C++.xcconfig */ = {isa = PBXFileReference; lastKnownFileType = text.xcconfig; path = "C++.xcconfig"; sourceTree = "<group>"; };
		05DBA1C6201E45A600638A44 /* Code-Generation.xcconfig */ = {isa = PBXFileReference; lastKnownFileType = text.xcconfig; path = "Code-Generation.xcconfig"; sourceTree = "<group>"; };
		05DBA1C7201E45A600638A44 /* Address-Sanitizer.xcconfig */ = {isa = PBXFileReference; lastKnownFileType = text.xcconfig; path = "Address-Sanitizer.xcconfig"; sourceTree = "<group>"; };
		05DBA1C8201E45A600638A44 /* Language.xcconfig */ = {isa = PBXFileReference; lastKnownFileType = text.xcconfig; path = Language.xcconfig; sourceTree = "<group>"; };
		05DBA1C9201E45A600638A44 /* Warnings.xcconfig */ = {isa = PBXFileReference; lastKnownFileType = text.xcconfig; path = Warnings.xcconfig; sourceTree = "<group>"; };
		05DBA1CA201E45A600638A44 /* Undefined-Behavior-Sanitizer.xcconfig */ = {isa = PBXFileReference; lastKnownFileType = text.xcconfig; path = "Undefined-Behavior-Sanitizer.xcconfig"; sourceTree = "<group>"; };
		05DBA1CB201E45A600638A44 /* Warning-Policies.xcconfig */ = {isa = PBXFileReference; lastKnownFileType = text.xcconfig; path = "Warning-Policies.xcconfig"; sourceTree = "<group>"; };
		05DBA1CD201E45A600638A44 /* Objective-C-ARC.xcconfig */ = {isa = PBXFileReference; lastKnownFileType = text.xcconfig; path = "Objective-C-ARC.xcconfig"; sourceTree = "<group>"; };
		05DBA1CE201E45A600638A44 /* Objective-C.xcconfig */ = {isa = PBXFileReference; lastKnownFileType = text.xcconfig; path = "Objective-C.xcconfig"; sourceTree = "<group>"; };
		05DBA1CF201E45A600638A44 /* C++.xcconfig */ = {isa = PBXFileReference; lastKnownFileType = text.xcconfig; path = "C++.xcconfig"; sourceTree = "<group>"; };
		05DBA1D0201E45A600638A44 /* All-Languages.xcconfig */ = {isa = PBXFileReference; lastKnownFileType = text.xcconfig; path = "All-Languages.xcconfig"; sourceTree = "<group>"; };
		05DBA1D1201E45A600638A44 /* Preprocessing.xcconfig */ = {isa = PBXFileReference; lastKnownFileType = text.xcconfig; path = Preprocessing.xcconfig; sourceTree = "<group>"; };
		05DBA1D4201E45A600638A44 /* ccache-config.sh */ = {isa = PBXFileReference; lastKnownFileType = text.script.sh; path = "ccache-config.sh"; sourceTree = "<group>"; };
		05DBA1D5201E45A600638A44 /* ccache.sh */ = {isa = PBXFileReference; lastKnownFileType = text.script.sh; path = ccache.sh; sourceTree = "<group>"; };
/* End PBXFileReference section */

/* Begin PBXFrameworksBuildPhase section */
		053BEDA91B8EFDC1007D82A4 /* Frameworks */ = {
			isa = PBXFrameworksBuildPhase;
			buildActionMask = 2147483647;
			files = (
				050B83E11EB917D90090EA12 /* libc++.tbd in Frameworks */,
				053BEDC41B8EFDF3007D82A4 /* GoogleMock.framework in Frameworks */,
			);
			runOnlyForDeploymentPostprocessing = 0;
		};
/* End PBXFrameworksBuildPhase section */

/* Begin PBXGroup section */
		050B83DF1EB917D90090EA12 /* Frameworks */ = {
			isa = PBXGroup;
			children = (
				050B83E01EB917D90090EA12 /* libc++.tbd */,
			);
			name = Frameworks;
			sourceTree = "<group>";
		};
		053BEDA51B8EFCB6007D82A4 /* Unit-Tests */ = {
			isa = PBXGroup;
			children = (
				051F9C771C19C3EE005D471A /* XS-TypeTraits.cpp */,
				053BEDC71B8EFE1E007D82A4 /* Info.plist */,
			);
			path = "Unit-Tests";
			sourceTree = "<group>";
		};
		053BEDB61B8EFDE6007D82A4 /* Products */ = {
			isa = PBXGroup;
			children = (
				053BEDBD1B8EFDE6007D82A4 /* GoogleMock.framework */,
				053BEDBF1B8EFDE6007D82A4 /* gmock.framework */,
				053BEDC11B8EFDE6007D82A4 /* gtest.framework */,
				053BEDC31B8EFDE6007D82A4 /* GoogleMockTests.xctest */,
			);
			name = Products;
			sourceTree = "<group>";
		};
		053BEDE51B90ABB2007D82A4 /* Scripts */ = {
			isa = PBXGroup;
			children = (
				053BEDE71B90ABB2007D82A4 /* travis-after.sh */,
			);
			path = Scripts;
			sourceTree = "<group>";
		};
		05A6C6801C18ADC1002C6A44 /* CPPTraits */ = {
			isa = PBXGroup;
			children = (
				05A6C6811C18ADC1002C6A44 /* include */,
			);
			path = CPPTraits;
			sourceTree = "<group>";
		};
		05A6C6811C18ADC1002C6A44 /* include */ = {
			isa = PBXGroup;
			children = (
				05A6C6821C18ADC1002C6A44 /* XS */,
			);
			path = include;
			sourceTree = "<group>";
		};
		05A6C6821C18ADC1002C6A44 /* XS */ = {
			isa = PBXGroup;
			children = (
				056D31EF1C20304F000E1219 /* TypeTraits.hpp */,
			);
			path = XS;
			sourceTree = "<group>";
		};
		05BD89491A13FF4700A43CD8 = {
			isa = PBXGroup;
			children = (
				05110D041C1F121C00EE6851 /* LICENSE */,
				05110D051C1F121C00EE6851 /* README.md */,
				05DBA1A4201E45A600638A44 /* xcconfig */,
				053BEDB51B8EFDE6007D82A4 /* GoogleMock.xcodeproj */,
				05A6C6801C18ADC1002C6A44 /* CPPTraits */,
				053BEDA51B8EFCB6007D82A4 /* Unit-Tests */,
				053BEDE51B90ABB2007D82A4 /* Scripts */,
				05BD89531A13FF4700A43CD8 /* Products */,
				050B83DF1EB917D90090EA12 /* Frameworks */,
			);
			sourceTree = "<group>";
		};
		05BD89531A13FF4700A43CD8 /* Products */ = {
			isa = PBXGroup;
			children = (
				053BEDAC1B8EFDC1007D82A4 /* CPPTraits-Tests.xctest */,
			);
			name = Products;
			sourceTree = "<group>";
		};
		05DBA1A4201E45A600638A44 /* xcconfig */ = {
			isa = PBXGroup;
			children = (
				05DBA1A5201E45A600638A44 /* Release - ccache.xcconfig */,
				05DBA1A6201E45A600638A44 /* Common.xcconfig */,
				05DBA1A7201E45A600638A44 /* Debug - ccache.xcconfig */,
				05DBA1A8201E45A600638A44 /* Debug.xcconfig */,
				05DBA1A9201E45A600638A44 /* Release.xcconfig */,
				05DBA1AA201E45A600638A44 /* README.md */,
				05DBA1AB201E45A600638A44 /* Common */,
				05DBA1D3201E45A600638A44 /* Scripts */,
			);
			name = xcconfig;
			path = Submodules/xcconfig;
			sourceTree = "<group>";
		};
		05DBA1AB201E45A600638A44 /* Common */ = {
			isa = PBXGroup;
			children = (
				05DBA1AC201E45A600638A44 /* Signing.xcconfig */,
				05DBA1AD201E45A600638A44 /* Architectures.xcconfig */,
				05DBA1AE201E45A600638A44 /* Static-Analyzer */,
				05DBA1B6201E45A600638A44 /* Deployment.xcconfig */,
				05DBA1B7201E45A600638A44 /* Build-Options.xcconfig */,
				05DBA1B8201E45A600638A44 /* Swift-Compiler.xcconfig */,
				05DBA1B9201E45A600638A44 /* Static-Analyzer.xcconfig */,
				05DBA1BA201E45A600638A44 /* Swift-Compiler */,
				05DBA1BF201E45A600638A44 /* Search-Paths.xcconfig */,
				05DBA1C0201E45A600638A44 /* Apple-LLVM.xcconfig */,
				05DBA1C1201E45A600638A44 /* Apple-LLVM */,
			);
			path = Common;
			sourceTree = "<group>";
		};
		05DBA1AE201E45A600638A44 /* Static-Analyzer */ = {
			isa = PBXGroup;
			children = (
				05DBA1AF201E45A600638A44 /* Issues.xcconfig */,
				05DBA1B0201E45A600638A44 /* Issues */,
			);
			path = "Static-Analyzer";
			sourceTree = "<group>";
		};
		05DBA1B0201E45A600638A44 /* Issues */ = {
			isa = PBXGroup;
			children = (
				05DBA1B1201E45A600638A44 /* Apple-APIs.xcconfig */,
				05DBA1B2201E45A600638A44 /* Generic-Issues.xcconfig */,
				05DBA1B3201E45A600638A44 /* Security.xcconfig */,
				05DBA1B4201E45A600638A44 /* Objective-C.xcconfig */,
				05DBA1B5201E45A600638A44 /* Analysis-Policy.xcconfig */,
			);
			path = Issues;
			sourceTree = "<group>";
		};
		05DBA1BA201E45A600638A44 /* Swift-Compiler */ = {
			isa = PBXGroup;
			children = (
				05DBA1BB201E45A600638A44 /* Warnings-Policies.xcconfig */,
				05DBA1BC201E45A600638A44 /* Code-Generation.xcconfig */,
				05DBA1BD201E45A600638A44 /* Language.xcconfig */,
				05DBA1BE201E45A600638A44 /* General.xcconfig */,
			);
			path = "Swift-Compiler";
			sourceTree = "<group>";
		};
		05DBA1C1201E45A600638A44 /* Apple-LLVM */ = {
			isa = PBXGroup;
			children = (
				05DBA1C2201E45A600638A44 /* Language */,
				05DBA1C6201E45A600638A44 /* Code-Generation.xcconfig */,
				05DBA1C7201E45A600638A44 /* Address-Sanitizer.xcconfig */,
				05DBA1C8201E45A600638A44 /* Language.xcconfig */,
				05DBA1C9201E45A600638A44 /* Warnings.xcconfig */,
				05DBA1CA201E45A600638A44 /* Undefined-Behavior-Sanitizer.xcconfig */,
				05DBA1CB201E45A600638A44 /* Warning-Policies.xcconfig */,
				05DBA1CC201E45A600638A44 /* Warnings */,
				05DBA1D1201E45A600638A44 /* Preprocessing.xcconfig */,
			);
			path = "Apple-LLVM";
			sourceTree = "<group>";
		};
		05DBA1C2201E45A600638A44 /* Language */ = {
			isa = PBXGroup;
			children = (
				05DBA1C3201E45A600638A44 /* Modules.xcconfig */,
				05DBA1C4201E45A600638A44 /* Objective-C.xcconfig */,
				05DBA1C5201E45A600638A44 /* C++.xcconfig */,
			);
			path = Language;
			sourceTree = "<group>";
		};
		05DBA1CC201E45A600638A44 /* Warnings */ = {
			isa = PBXGroup;
			children = (
				05DBA1CD201E45A600638A44 /* Objective-C-ARC.xcconfig */,
				05DBA1CE201E45A600638A44 /* Objective-C.xcconfig */,
				05DBA1CF201E45A600638A44 /* C++.xcconfig */,
				05DBA1D0201E45A600638A44 /* All-Languages.xcconfig */,
			);
			path = Warnings;
			sourceTree = "<group>";
		};
		05DBA1D3201E45A600638A44 /* Scripts */ = {
			isa = PBXGroup;
			children = (
				05DBA1D4201E45A600638A44 /* ccache-config.sh */,
				05DBA1D5201E45A600638A44 /* ccache.sh */,
			);
			path = Scripts;
			sourceTree = "<group>";
		};
/* End PBXGroup section */

/* Begin PBXNativeTarget section */
		053BEDAB1B8EFDC1007D82A4 /* CPPTraits-Tests */ = {
			isa = PBXNativeTarget;
			buildConfigurationList = 053BEDB11B8EFDC1007D82A4 /* Build configuration list for PBXNativeTarget "CPPTraits-Tests" */;
			buildPhases = (
				053BEDA81B8EFDC1007D82A4 /* Sources */,
				053BEDA91B8EFDC1007D82A4 /* Frameworks */,
				053BEDAA1B8EFDC1007D82A4 /* Resources */,
				053BEDF51B90AC06007D82A4 /* ShellScript */,
			);
			buildRules = (
			);
			dependencies = (
				053BEDC61B8EFDF9007D82A4 /* PBXTargetDependency */,
			);
			name = "CPPTraits-Tests";
			productName = "PIMPL-Tests";
			productReference = 053BEDAC1B8EFDC1007D82A4 /* CPPTraits-Tests.xctest */;
			productType = "com.apple.product-type.bundle.unit-test";
		};
/* End PBXNativeTarget section */

/* Begin PBXProject section */
		05BD894A1A13FF4700A43CD8 /* Project object */ = {
			isa = PBXProject;
			attributes = {
				LastUpgradeCheck = 0900;
				ORGANIZATIONNAME = "XS-Labs";
				TargetAttributes = {
					053BEDAB1B8EFDC1007D82A4 = {
						CreatedOnToolsVersion = 7.0;
						DevelopmentTeam = 326Y53CJMD;
						ProvisioningStyle = Automatic;
					};
				};
			};
			buildConfigurationList = 05BD894D1A13FF4700A43CD8 /* Build configuration list for PBXProject "CPPTraits" */;
			compatibilityVersion = "Xcode 3.2";
			developmentRegion = English;
			hasScannedForEncodings = 0;
			knownRegions = (
				en,
			);
			mainGroup = 05BD89491A13FF4700A43CD8;
			productRefGroup = 05BD89531A13FF4700A43CD8 /* Products */;
			projectDirPath = "";
			projectReferences = (
				{
					ProductGroup = 053BEDB61B8EFDE6007D82A4 /* Products */;
					ProjectRef = 053BEDB51B8EFDE6007D82A4 /* GoogleMock.xcodeproj */;
				},
			);
			projectRoot = "";
			targets = (
				053BEDAB1B8EFDC1007D82A4 /* CPPTraits-Tests */,
			);
		};
/* End PBXProject section */

/* Begin PBXReferenceProxy section */
		053BEDBD1B8EFDE6007D82A4 /* GoogleMock.framework */ = {
			isa = PBXReferenceProxy;
			fileType = wrapper.framework;
			path = GoogleMock.framework;
			remoteRef = 053BEDBC1B8EFDE6007D82A4 /* PBXContainerItemProxy */;
			sourceTree = BUILT_PRODUCTS_DIR;
		};
		053BEDBF1B8EFDE6007D82A4 /* gmock.framework */ = {
			isa = PBXReferenceProxy;
			fileType = wrapper.framework;
			path = gmock.framework;
			remoteRef = 053BEDBE1B8EFDE6007D82A4 /* PBXContainerItemProxy */;
			sourceTree = BUILT_PRODUCTS_DIR;
		};
		053BEDC11B8EFDE6007D82A4 /* gtest.framework */ = {
			isa = PBXReferenceProxy;
			fileType = wrapper.framework;
			path = gtest.framework;
			remoteRef = 053BEDC01B8EFDE6007D82A4 /* PBXContainerItemProxy */;
			sourceTree = BUILT_PRODUCTS_DIR;
		};
		053BEDC31B8EFDE6007D82A4 /* GoogleMockTests.xctest */ = {
			isa = PBXReferenceProxy;
			fileType = wrapper.cfbundle;
			path = GoogleMockTests.xctest;
			remoteRef = 053BEDC21B8EFDE6007D82A4 /* PBXContainerItemProxy */;
			sourceTree = BUILT_PRODUCTS_DIR;
		};
/* End PBXReferenceProxy section */

/* Begin PBXResourcesBuildPhase section */
		053BEDAA1B8EFDC1007D82A4 /* Resources */ = {
			isa = PBXResourcesBuildPhase;
			buildActionMask = 2147483647;
			files = (
				053BEDEC1B90ABB2007D82A4 /* travis-after.sh in Resources */,
			);
			runOnlyForDeploymentPostprocessing = 0;
		};
/* End PBXResourcesBuildPhase section */

/* Begin PBXShellScriptBuildPhase section */
		053BEDF51B90AC06007D82A4 /* ShellScript */ = {
			isa = PBXShellScriptBuildPhase;
			buildActionMask = 2147483647;
			files = (
			);
			inputPaths = (
			);
			outputPaths = (
			);
			runOnlyForDeploymentPostprocessing = 0;
			shellPath = /bin/sh;
			shellScript = "export | egrep '(BUILT_PRODUCTS_DIR)|(CURRENT_ARCH)|(OBJECT_FILE_DIR_normal)|(SRCROOT)|(OBJROOT)' > Scripts/xcenv-tests.sh";
		};
/* End PBXShellScriptBuildPhase section */

/* Begin PBXSourcesBuildPhase section */
		053BEDA81B8EFDC1007D82A4 /* Sources */ = {
			isa = PBXSourcesBuildPhase;
			buildActionMask = 2147483647;
			files = (
				051F9C7D1C19C3EE005D471A /* XS-TypeTraits.cpp in Sources */,
			);
			runOnlyForDeploymentPostprocessing = 0;
		};
/* End PBXSourcesBuildPhase section */

/* Begin PBXTargetDependency section */
		053BEDC61B8EFDF9007D82A4 /* PBXTargetDependency */ = {
			isa = PBXTargetDependency;
			name = GoogleMock;
			targetProxy = 053BEDC51B8EFDF9007D82A4 /* PBXContainerItemProxy */;
		};
/* End PBXTargetDependency section */

/* Begin XCBuildConfiguration section */
		053BEDB21B8EFDC1007D82A4 /* Debug */ = {
			isa = XCBuildConfiguration;
			buildSettings = {
				HEADER_SEARCH_PATHS = CPPTraits/include/;
				INFOPLIST_FILE = "Unit-Tests/Info.plist";
				LD_RUNPATH_SEARCH_PATHS = "$(inherited) @executable_path/../Frameworks @loader_path/../Frameworks";
				PRODUCT_BUNDLE_IDENTIFIER = "com.xs-labs.CPPTraits-Tests";
				PRODUCT_NAME = "CPPTraits-Tests";
			};
			name = Debug;
		};
		053BEDB31B8EFDC1007D82A4 /* Release */ = {
			isa = XCBuildConfiguration;
			buildSettings = {
				HEADER_SEARCH_PATHS = CPPTraits/include/;
				INFOPLIST_FILE = "Unit-Tests/Info.plist";
				LD_RUNPATH_SEARCH_PATHS = "$(inherited) @executable_path/../Frameworks @loader_path/../Frameworks";
				PRODUCT_BUNDLE_IDENTIFIER = "com.xs-labs.CPPTraits-Tests";
				PRODUCT_NAME = "CPPTraits-Tests";
			};
			name = Release;
		};
		05BD89571A13FF4700A43CD8 /* Debug */ = {
			isa = XCBuildConfiguration;
			baseConfigurationReference = 05DBA1A7201E45A600638A44 /* Debug - ccache.xcconfig */;
			buildSettings = {
			};
			name = Debug;
		};
		05BD89581A13FF4700A43CD8 /* Release */ = {
			isa = XCBuildConfiguration;
			baseConfigurationReference = 05DBA1A5201E45A600638A44 /* Release - ccache.xcconfig */;
			buildSettings = {
			};
			name = Release;
		};
/* End XCBuildConfiguration section */

/* Begin XCConfigurationList section */
		053BEDB11B8EFDC1007D82A4 /* Build configuration list for PBXNativeTarget "CPPTraits-Tests" */ = {
			isa = XCConfigurationList;
			buildConfigurations = (
				053BEDB21B8EFDC1007D82A4 /* Debug */,
				053BEDB31B8EFDC1007D82A4 /* Release */,
			);
			defaultConfigurationIsVisible = 0;
			defaultConfigurationName = Release;
		};
		05BD894D1A13FF4700A43CD8 /* Build configuration list for PBXProject "CPPTraits" */ = {
			isa = XCConfigurationList;
			buildConfigurations = (
				05BD89571A13FF4700A43CD8 /* Debug */,
				05BD89581A13FF4700A43CD8 /* Release */,
			);
			defaultConfigurationIsVisible = 0;
			defaultConfigurationName = Release;
		};
/* End XCConfigurationList section */
	};
	rootObject = 05BD894A1A13FF4700A43CD8 /* Project object */;
}
